
Microsoft Visual Studio Solution File, Format Version 12.00
# Visual Studio 15
Project("{FAE04EC0-301F-11D3-BF4B-00C04F79EFBC}") = "Assembly-CSharp-firstpass", "Assembly-CSharp-firstpass.csproj", "{5988054F-208B-DACE-4AA0-0F830F5891A8}"
EndProject
Project("{FAE04EC0-301F-11D3-BF4B-00C04F79EFBC}") = "Assembly-CSharp", "Assembly-CSharp.csproj", "{A6AEDB90-299D-99AC-CA36-46AFA8F04342}"
EndProject
Project("{FAE04EC0-301F-11D3-BF4B-00C04F79EFBC}") = "Assembly-CSharp-Editor-firstpass", "Assembly-CSharp-Editor-firstpass.csproj", "{FC20856A-8D84-05EB-BC30-F3CF2BFF4FBA}"
EndProject
Global
	GlobalSection(SolutionConfigurationPlatforms) = preSolution
		Debug|Any CPU = Debug|Any CPU
		Release|Any CPU = Release|Any CPU
	EndGlobalSection
	GlobalSection(ProjectConfigurationPlatforms) = postSolution
		{5988054F-208B-DACE-4AA0-0F830F5891A8}.Debug|Any CPU.ActiveCfg = Debug|Any CPU
		{5988054F-208B-DACE-4AA0-0F830F5891A8}.Debug|Any CPU.Build.0 = Debug|Any CPU
		{5988054F-208B-DACE-4AA0-0F830F5891A8}.Release|Any CPU.ActiveCfg = Release|Any CPU
		{5988054F-208B-DACE-4AA0-0F830F5891A8}.Release|Any CPU.Build.0 = Release|Any CPU
		{A6AEDB90-299D-99AC-CA36-46AFA8F04342}.Debug|Any CPU.ActiveCfg = Debug|Any CPU
		{A6AEDB90-299D-99AC-CA36-46AFA8F04342}.Debug|Any CPU.Build.0 = Debug|Any CPU
		{A6AEDB90-299D-99AC-CA36-46AFA8F04342}.Release|Any CPU.ActiveCfg = Release|Any CPU
		{A6AEDB90-299D-99AC-CA36-46AFA8F04342}.Release|Any CPU.Build.0 = Release|Any CPU
		{FC20856A-8D84-05EB-BC30-F3CF2BFF4FBA}.Debug|Any CPU.ActiveCfg = Debug|Any CPU
		{FC20856A-8D84-05EB-BC30-F3CF2BFF4FBA}.Debug|Any CPU.Build.0 = Debug|Any CPU
		{FC20856A-8D84-05EB-BC30-F3CF2BFF4FBA}.Release|Any CPU.ActiveCfg = Release|Any CPU
		{FC20856A-8D84-05EB-BC30-F3CF2BFF4FBA}.Release|Any CPU.Build.0 = Release|Any CPU
	EndGlobalSection
	GlobalSection(SolutionProperties) = preSolution
		HideSolutionNode = FALSE
	EndGlobalSection
EndGlobal
